
Microsoft Visual Studio Solution File, Format Version 12.00
# Visual Studio Version 16
VisualStudioVersion = 16.0.28803.202
MinimumVisualStudioVersion = 10.0.40219.1
Project("{888888A0-9F3D-457C-B088-3A5042F75D52}") = "Rainfall1", "Rainfall1.pyproj", "{794AA384-8799-4E6F-AC41-BA123F579367}"
EndProject
Global
	GlobalSection(SolutionConfigurationPlatforms) = preSolution
		Debug|Any CPU = Debug|Any CPU
		Release|Any CPU = Release|Any CPU
	EndGlobalSection
	GlobalSection(ProjectConfigurationPlatforms) = postSolution
		{794AA384-8799-4E6F-AC41-BA123F579367}.Debug|Any CPU.ActiveCfg = Debug|Any CPU
		{794AA384-8799-4E6F-AC41-BA123F579367}.Release|Any CPU.ActiveCfg = Release|Any CPU
	EndGlobalSection
	GlobalSection(SolutionProperties) = preSolution
		HideSolutionNode = FALSE
	EndGlobalSection
	GlobalSection(ExtensibilityGlobals) = postSolution
		SolutionGuid = {2F170C0B-BF40-4C76-B052-BFF59EA1A203}
	EndGlobalSection
EndGlobal
